// !$*UTF8*$!
{
	archiveVersion = 1;
	classes = {
	};
	objectVersion = 46;
	objects = {

/* Begin PBXBuildFile section */
		7751B1B51740BD9200B00F92 /* SenTestingKit.framework in Frameworks */ = {isa = PBXBuildFile; fileRef = 7751B1B41740BD9200B00F92 /* SenTestingKit.framework */; };
		7751B1B71740BD9200B00F92 /* UIKit.framework in Frameworks */ = {isa = PBXBuildFile; fileRef = 7751B1B61740BD9200B00F92 /* UIKit.framework */; };
		7751B1B81740BD9200B00F92 /* Foundation.framework in Frameworks */ = {isa = PBXBuildFile; fileRef = 7751B1A51740BD9200B00F92 /* Foundation.framework */; };
		7751B1BB1740BD9200B00F92 /* libKLNavigationController.a in Frameworks */ = {isa = PBXBuildFile; fileRef = 7751B1A21740BD9200B00F92 /* libKLNavigationController.a */; };
		7751B1C11740BD9200B00F92 /* InfoPlist.strings in Resources */ = {isa = PBXBuildFile; fileRef = 7751B1BF1740BD9200B00F92 /* InfoPlist.strings */; };
		7751B1C41740BD9200B00F92 /* KLNavigationControllerTests.m in Sources */ = {isa = PBXBuildFile; fileRef = 7751B1C31740BD9200B00F92 /* KLNavigationControllerTests.m */; };
		7751B1D11740BDAA00B00F92 /* UIKit.framework in Frameworks */ = {isa = PBXBuildFile; fileRef = 7751B1D01740BDAA00B00F92 /* UIKit.framework */; };
		77A1E9BB1740BE05000A8B99 /* KLNavigationController.m in Sources */ = {isa = PBXBuildFile; fileRef = 77A1E9BA1740BE05000A8B99 /* KLNavigationController.m */; };
		77A1E9BC1740BE29000A8B99 /* KLNavigationController.h in CopyFiles */ = {isa = PBXBuildFile; fileRef = 77A1E9B91740BE05000A8B99 /* KLNavigationController.h */; };
/* End PBXBuildFile section */

/* Begin PBXContainerItemProxy section */
		7751B1B91740BD9200B00F92 /* PBXContainerItemProxy */ = {
			isa = PBXContainerItemProxy;
			containerPortal = 7751B19A1740BD9200B00F92 /* Project object */;
			proxyType = 1;
			remoteGlobalIDString = 7751B1A11740BD9200B00F92;
			remoteInfo = KLNavigationController;
		};
/* End PBXContainerItemProxy section */

/* Begin PBXCopyFilesBuildPhase section */
		7751B1A01740BD9200B00F92 /* CopyFiles */ = {
			isa = PBXCopyFilesBuildPhase;
			buildActionMask = 2147483647;
			dstPath = "include/${PRODUCT_NAME}";
			dstSubfolderSpec = 16;
			files = (
				77A1E9BC1740BE29000A8B99 /* KLNavigationController.h in CopyFiles */,
			);
			runOnlyForDeploymentPostprocessing = 0;
		};
/* End PBXCopyFilesBuildPhase section */

/* Begin PBXFileReference section */
		7751B1A21740BD9200B00F92 /* libKLNavigationController.a */ = {isa = PBXFileReference; explicitFileType = archive.ar; includeInIndex = 0; path = libKLNavigationController.a; sourceTree = BUILT_PRODUCTS_DIR; };
		7751B1A51740BD9200B00F92 /* Foundation.framework */ = {isa = PBXFileReference; lastKnownFileType = wrapper.framework; name = Foundation.framework; path = System/Library/Frameworks/Foundation.framework; sourceTree = SDKROOT; };
		7751B1A91740BD9200B00F92 /* KLNavigationController-Prefix.pch */ = {isa = PBXFileReference; lastKnownFileType = sourcecode.c.h; path = "KLNavigationController-Prefix.pch"; sourceTree = "<group>"; };
		7751B1B31740BD9200B00F92 /* KLNavigationControllerTests.octest */ = {isa = PBXFileReference; explicitFileType = wrapper.cfbundle; includeInIndex = 0; path = KLNavigationControllerTests.octest; sourceTree = BUILT_PRODUCTS_DIR; };
		7751B1B41740BD9200B00F92 /* SenTestingKit.framework */ = {isa = PBXFileReference; lastKnownFileType = wrapper.framework; name = SenTestingKit.framework; path = Library/Frameworks/SenTestingKit.framework; sourceTree = DEVELOPER_DIR; };
		7751B1B61740BD9200B00F92 /* UIKit.framework */ = {isa = PBXFileReference; lastKnownFileType = wrapper.framework; name = UIKit.framework; path = Library/Frameworks/UIKit.framework; sourceTree = DEVELOPER_DIR; };
		7751B1BE1740BD9200B00F92 /* KLNavigationControllerTests-Info.plist */ = {isa = PBXFileReference; lastKnownFileType = text.plist.xml; path = "KLNavigationControllerTests-Info.plist"; sourceTree = "<group>"; };
		7751B1C01740BD9200B00F92 /* en */ = {isa = PBXFileReference; lastKnownFileType = text.plist.strings; name = en; path = en.lproj/InfoPlist.strings; sourceTree = "<group>"; };
		7751B1C21740BD9200B00F92 /* KLNavigationControllerTests.h */ = {isa = PBXFileReference; lastKnownFileType = sourcecode.c.h; path = KLNavigationControllerTests.h; sourceTree = "<group>"; };
		7751B1C31740BD9200B00F92 /* KLNavigationControllerTests.m */ = {isa = PBXFileReference; lastKnownFileType = sourcecode.c.objc; path = KLNavigationControllerTests.m; sourceTree = "<group>"; };
		7751B1D01740BDAA00B00F92 /* UIKit.framework */ = {isa = PBXFileReference; lastKnownFileType = wrapper.framework; name = UIKit.framework; path = System/Library/Frameworks/UIKit.framework; sourceTree = SDKROOT; };
		77A1E9B91740BE05000A8B99 /* KLNavigationController.h */ = {isa = PBXFileReference; fileEncoding = 4; lastKnownFileType = sourcecode.c.h; path = KLNavigationController.h; sourceTree = "<group>"; };
		77A1E9BA1740BE05000A8B99 /* KLNavigationController.m */ = {isa = PBXFileReference; fileEncoding = 4; lastKnownFileType = sourcecode.c.objc; path = KLNavigationController.m; sourceTree = "<group>"; };
/* End PBXFileReference section */

/* Begin PBXFrameworksBuildPhase section */
		7751B19F1740BD9200B00F92 /* Frameworks */ = {
			isa = PBXFrameworksBuildPhase;
			buildActionMask = 2147483647;
			files = (
				7751B1D11740BDAA00B00F92 /* UIKit.framework in Frameworks */,
			);
			runOnlyForDeploymentPostprocessing = 0;
		};
		7751B1AF1740BD9200B00F92 /* Frameworks */ = {
			isa = PBXFrameworksBuildPhase;
			buildActionMask = 2147483647;
			files = (
				7751B1B51740BD9200B00F92 /* SenTestingKit.framework in Frameworks */,
				7751B1B71740BD9200B00F92 /* UIKit.framework in Frameworks */,
				7751B1B81740BD9200B00F92 /* Foundation.framework in Frameworks */,
				7751B1BB1740BD9200B00F92 /* libKLNavigationController.a in Frameworks */,
			);
			runOnlyForDeploymentPostprocessing = 0;
		};
/* End PBXFrameworksBuildPhase section */

/* Begin PBXGroup section */
		7751B1991740BD9200B00F92 = {
			isa = PBXGroup;
			children = (
				7751B1A71740BD9200B00F92 /* KLNavigationController */,
				7751B1BC1740BD9200B00F92 /* KLNavigationControllerTests */,
				7751B1A41740BD9200B00F92 /* Frameworks */,
				7751B1A31740BD9200B00F92 /* Products */,
			);
			sourceTree = "<group>";
		};
		7751B1A31740BD9200B00F92 /* Products */ = {
			isa = PBXGroup;
			children = (
				7751B1A21740BD9200B00F92 /* libKLNavigationController.a */,
				7751B1B31740BD9200B00F92 /* KLNavigationControllerTests.octest */,
			);
			name = Products;
			sourceTree = "<group>";
		};
		7751B1A41740BD9200B00F92 /* Frameworks */ = {
			isa = PBXGroup;
			children = (
				7751B1D01740BDAA00B00F92 /* UIKit.framework */,
				7751B1A51740BD9200B00F92 /* Foundation.framework */,
				7751B1B41740BD9200B00F92 /* SenTestingKit.framework */,
				7751B1B61740BD9200B00F92 /* UIKit.framework */,
			);
			name = Frameworks;
			sourceTree = "<group>";
		};
		7751B1A71740BD9200B00F92 /* KLNavigationController */ = {
			isa = PBXGroup;
			children = (
				77A1E9B91740BE05000A8B99 /* KLNavigationController.h */,
				77A1E9BA1740BE05000A8B99 /* KLNavigationController.m */,
				7751B1A81740BD9200B00F92 /* Supporting Files */,
			);
			path = KLNavigationController;
			sourceTree = "<group>";
		};
		7751B1A81740BD9200B00F92 /* Supporting Files */ = {
			isa = PBXGroup;
			children = (
				7751B1A91740BD9200B00F92 /* KLNavigationController-Prefix.pch */,
			);
			name = "Supporting Files";
			sourceTree = "<group>";
		};
		7751B1BC1740BD9200B00F92 /* KLNavigationControllerTests */ = {
			isa = PBXGroup;
			children = (
				7751B1C21740BD9200B00F92 /* KLNavigationControllerTests.h */,
				7751B1C31740BD9200B00F92 /* KLNavigationControllerTests.m */,
				7751B1BD1740BD9200B00F92 /* Supporting Files */,
			);
			path = KLNavigationControllerTests;
			sourceTree = "<group>";
		};
		7751B1BD1740BD9200B00F92 /* Supporting Files */ = {
			isa = PBXGroup;
			children = (
				7751B1BE1740BD9200B00F92 /* KLNavigationControllerTests-Info.plist */,
				7751B1BF1740BD9200B00F92 /* InfoPlist.strings */,
			);
			name = "Supporting Files";
			sourceTree = "<group>";
		};
/* End PBXGroup section */

/* Begin PBXNativeTarget section */
		7751B1A11740BD9200B00F92 /* KLNavigationController */ = {
			isa = PBXNativeTarget;
			buildConfigurationList = 7751B1C71740BD9200B00F92 /* Build configuration list for PBXNativeTarget "KLNavigationController" */;
			buildPhases = (
				7751B19E1740BD9200B00F92 /* Sources */,
				7751B19F1740BD9200B00F92 /* Frameworks */,
				7751B1A01740BD9200B00F92 /* CopyFiles */,
			);
			buildRules = (
			);
			dependencies = (
			);
			name = KLNavigationController;
			productName = KLNavigationController;
			productReference = 7751B1A21740BD9200B00F92 /* libKLNavigationController.a */;
			productType = "com.apple.product-type.library.static";
		};
		7751B1B21740BD9200B00F92 /* KLNavigationControllerTests */ = {
			isa = PBXNativeTarget;
			buildConfigurationList = 7751B1CA1740BD9200B00F92 /* Build configuration list for PBXNativeTarget "KLNavigationControllerTests" */;
			buildPhases = (
				7751B1AE1740BD9200B00F92 /* Sources */,
				7751B1AF1740BD9200B00F92 /* Frameworks */,
				7751B1B01740BD9200B00F92 /* Resources */,
				7751B1B11740BD9200B00F92 /* ShellScript */,
			);
			buildRules = (
			);
			dependencies = (
				7751B1BA1740BD9200B00F92 /* PBXTargetDependency */,
			);
			name = KLNavigationControllerTests;
			productName = KLNavigationControllerTests;
			productReference = 7751B1B31740BD9200B00F92 /* KLNavigationControllerTests.octest */;
			productType = "com.apple.product-type.bundle";
		};
/* End PBXNativeTarget section */

/* Begin PBXProject section */
		7751B19A1740BD9200B00F92 /* Project object */ = {
			isa = PBXProject;
			attributes = {
				LastUpgradeCheck = 0460;
				ORGANIZATIONNAME = "Kieran Lafferty";
			};
			buildConfigurationList = 7751B19D1740BD9200B00F92 /* Build configuration list for PBXProject "KLNavigationController" */;
			compatibilityVersion = "Xcode 3.2";
			developmentRegion = English;
			hasScannedForEncodings = 0;
			knownRegions = (
				en,
			);
			mainGroup = 7751B1991740BD9200B00F92;
			productRefGroup = 7751B1A31740BD9200B00F92 /* Products */;
			projectDirPath = "";
			projectRoot = "";
			targets = (
				7751B1A11740BD9200B00F92 /* KLNavigationController */,
				7751B1B21740BD9200B00F92 /* KLNavigationControllerTests */,
			);
		};
/* End PBXProject section */

/* Begin PBXResourcesBuildPhase section */
		7751B1B01740BD9200B00F92 /* Resources */ = {
			isa = PBXResourcesBuildPhase;
			buildActionMask = 2147483647;
			files = (
				7751B1C11740BD9200B00F92 /* InfoPlist.strings in Resources */,
			);
			runOnlyForDeploymentPostprocessing = 0;
		};
/* End PBXResourcesBuildPhase section */

/* Begin PBXShellScriptBuildPhase section */
		7751B1B11740BD9200B00F92 /* ShellScript */ = {
			isa = PBXShellScriptBuildPhase;
			buildActionMask = 2147483647;
			files = (
			);
			inputPaths = (
			);
			outputPaths = (
			);
			runOnlyForDeploymentPostprocessing = 0;
			shellPath = /bin/sh;
			shellScript = "# Run the unit tests in this test bundle.\n\"${SYSTEM_DEVELOPER_DIR}/Tools/RunUnitTests\"\n";
		};
/* End PBXShellScriptBuildPhase section */

/* Begin PBXSourcesBuildPhase section */
		7751B19E1740BD9200B00F92 /* Sources */ = {
			isa = PBXSourcesBuildPhase;
			buildActionMask = 2147483647;
			files = (
				77A1E9BB1740BE05000A8B99 /* KLNavigationController.m in Sources */,
			);
			runOnlyForDeploymentPostprocessing = 0;
		};
		7751B1AE1740BD9200B00F92 /* Sources */ = {
			isa = PBXSourcesBuildPhase;
			buildActionMask = 2147483647;
			files = (
				7751B1C41740BD9200B00F92 /* KLNavigationControllerTests.m in Sources */,
			);
			runOnlyForDeploymentPostprocessing = 0;
		};
/* End PBXSourcesBuildPhase section */

/* Begin PBXTargetDependency section */
		7751B1BA1740BD9200B00F92 /* PBXTargetDependency */ = {
			isa = PBXTargetDependency;
			target = 7751B1A11740BD9200B00F92 /* KLNavigationController */;
			targetProxy = 7751B1B91740BD9200B00F92 /* PBXContainerItemProxy */;
		};
/* End PBXTargetDependency section */

/* Begin PBXVariantGroup section */
		7751B1BF1740BD9200B00F92 /* InfoPlist.strings */ = {
			isa = PBXVariantGroup;
			children = (
				7751B1C01740BD9200B00F92 /* en */,
			);
			name = InfoPlist.strings;
			sourceTree = "<group>";
		};
/* End PBXVariantGroup section */

/* Begin XCBuildConfiguration section */
		7751B1C51740BD9200B00F92 /* Debug */ = {
			isa = XCBuildConfiguration;
			buildSettings = {
				ALWAYS_SEARCH_USER_PATHS = NO;
				CLANG_CXX_LANGUAGE_STANDARD = "gnu++0x";
				CLANG_CXX_LIBRARY = "libc++";
				CLANG_ENABLE_OBJC_ARC = YES;
				CLANG_WARN_CONSTANT_CONVERSION = YES;
				CLANG_WARN_EMPTY_BODY = YES;
				CLANG_WARN_ENUM_CONVERSION = YES;
				CLANG_WARN_INT_CONVERSION = YES;
				CLANG_WARN__DUPLICATE_METHOD_MATCH = YES;
				COPY_PHASE_STRIP = NO;
				GCC_C_LANGUAGE_STANDARD = gnu99;
				GCC_DYNAMIC_NO_PIC = NO;
				GCC_OPTIMIZATION_LEVEL = 0;
				GCC_PREPROCESSOR_DEFINITIONS = (
					"DEBUG=1",
					"$(inherited)",
				);
				GCC_SYMBOLS_PRIVATE_EXTERN = NO;
				GCC_WARN_ABOUT_RETURN_TYPE = YES;
				GCC_WARN_UNINITIALIZED_AUTOS = YES;
				GCC_WARN_UNUSED_VARIABLE = YES;
				IPHONEOS_DEPLOYMENT_TARGET = 6.1;
				ONLY_ACTIVE_ARCH = YES;
				SDKROOT = iphoneos;
			};
			name = Debug;
		};
		7751B1C61740BD9200B00F92 /* Release */ = {
			isa = XCBuildConfiguration;
			buildSettings = {
				ALWAYS_SEARCH_USER_PATHS = NO;
				CLANG_CXX_LANGUAGE_STANDARD = "gnu++0x";
				CLANG_CXX_LIBRARY = "libc++";
				CLANG_ENABLE_OBJC_ARC = YES;
				CLANG_WARN_CONSTANT_CONVERSION = YES;
				CLANG_WARN_EMPTY_BODY = YES;
				CLANG_WARN_ENUM_CONVERSION = YES;
				CLANG_WARN_INT_CONVERSION = YES;
				CLANG_WARN__DUPLICATE_METHOD_MATCH = YES;
				COPY_PHASE_STRIP = YES;
				GCC_C_LANGUAGE_STANDARD = gnu99;
				GCC_WARN_ABOUT_RETURN_TYPE = YES;
				GCC_WARN_UNINITIALIZED_AUTOS = YES;
				GCC_WARN_UNUSED_VARIABLE = YES;
				IPHONEOS_DEPLOYMENT_TARGET = 6.1;
				SDKROOT = iphoneos;
				VALIDATE_PRODUCT = YES;
			};
			name = Release;
		};
		7751B1C81740BD9200B00F92 /* Debug */ = {
			isa = XCBuildConfiguration;
			buildSettings = {
				DSTROOT = /tmp/KLNavigationController.dst;
				GCC_PRECOMPILE_PREFIX_HEADER = YES;
				GCC_PREFIX_HEADER = "KLNavigationController/KLNavigationController-Prefix.pch";
				OTHER_LDFLAGS = "-ObjC";
				PRODUCT_NAME = "$(TARGET_NAME)";
				SKIP_INSTALL = YES;
			};
			name = Debug;
		};
		7751B1C91740BD9200B00F92 /* Release */ = {
			isa = XCBuildConfiguration;
			buildSettings = {
				DSTROOT = /tmp/KLNavigationController.dst;
				GCC_PRECOMPILE_PREFIX_HEADER = YES;
				GCC_PREFIX_HEADER = "KLNavigationController/KLNavigationController-Prefix.pch";
				OTHER_LDFLAGS = "-ObjC";
				PRODUCT_NAME = "$(TARGET_NAME)";
				SKIP_INSTALL = YES;
			};
			name = Release;
		};
		7751B1CB1740BD9200B00F92 /* Debug */ = {
			isa = XCBuildConfiguration;
			buildSettings = {
				FRAMEWORK_SEARCH_PATHS = (
					"\"$(SDKROOT)/Developer/Library/Frameworks\"",
					"\"$(DEVELOPER_LIBRARY_DIR)/Frameworks\"",
				);
				GCC_PRECOMPILE_PREFIX_HEADER = YES;
				GCC_PREFIX_HEADER = "KLNavigationController/KLNavigationController-Prefix.pch";
				INFOPLIST_FILE = "KLNavigationControllerTests/KLNavigationControllerTests-Info.plist";
				PRODUCT_NAME = "$(TARGET_NAME)";
				WRAPPER_EXTENSION = octest;
			};
			name = Debug;
		};
		7751B1CC1740BD9200B00F92 /* Release */ = {
			isa = XCBuildConfiguration;
			buildSettings = {
				FRAMEWORK_SEARCH_PATHS = (
					"\"$(SDKROOT)/Developer/Library/Frameworks\"",
					"\"$(DEVELOPER_LIBRARY_DIR)/Frameworks\"",
				);
				GCC_PRECOMPILE_PREFIX_HEADER = YES;
				GCC_PREFIX_HEADER = "KLNavigationController/KLNavigationController-Prefix.pch";
				INFOPLIST_FILE = "KLNavigationControllerTests/KLNavigationControllerTests-Info.plist";
				PRODUCT_NAME = "$(TARGET_NAME)";
				WRAPPER_EXTENSION = octest;
			};
			name = Release;
		};
/* End XCBuildConfiguration section */

/* Begin XCConfigurationList section */
		7751B19D1740BD9200B00F92 /* Build configuration list for PBXProject "KLNavigationController" */ = {
			isa = XCConfigurationList;
			buildConfigurations = (
				7751B1C51740BD9200B00F92 /* Debug */,
				7751B1C61740BD9200B00F92 /* Release */,
			);
			defaultConfigurationIsVisible = 0;
			defaultConfigurationName = Release;
		};
		7751B1C71740BD9200B00F92 /* Build configuration list for PBXNativeTarget "KLNavigationController" */ = {
			isa = XCConfigurationList;
			buildConfigurations = (
				7751B1C81740BD9200B00F92 /* Debug */,
				7751B1C91740BD9200B00F92 /* Release */,
			);
			defaultConfigurationIsVisible = 0;
			defaultConfigurationName = Release;
		};
		7751B1CA1740BD9200B00F92 /* Build configuration list for PBXNativeTarget "KLNavigationControllerTests" */ = {
			isa = XCConfigurationList;
			buildConfigurations = (
				7751B1CB1740BD9200B00F92 /* Debug */,
				7751B1CC1740BD9200B00F92 /* Release */,
			);
			defaultConfigurationIsVisible = 0;
			defaultConfigurationName = Release;
		};
/* End XCConfigurationList section */
	};
	rootObject = 7751B19A1740BD9200B00F92 /* Project object */;
}
